
Microsoft Visual Studio Solution File, Format Version 11.00
# Visual Studio 2010
Project("{FAE04EC0-301F-11D3-BF4B-00C04F79EFBC}") = "Robot", "Robot\Robot.csproj", "{7A1F78AD-332B-4C8C-AB36-0D376E29E1B4}"
EndProject
Project("{FAE04EC0-301F-11D3-BF4B-00C04F79EFBC}") = "Robot.Test", "Robot.Test\Robot.Test.csproj", "{C34FBE7C-2CF7-42F6-BFB6-DC6CF1323049}"
EndProject
Global
	GlobalSection(SolutionConfigurationPlatforms) = preSolution
		Debug|Any CPU = Debug|Any CPU
		Debug|Mixed Platforms = Debug|Mixed Platforms
		Debug|Win32 = Debug|Win32
		Debug|x86 = Debug|x86
		Release|Any CPU = Release|Any CPU
		Release|Mixed Platforms = Release|Mixed Platforms
		Release|Win32 = Release|Win32
		Release|x86 = Release|x86
		Template|Any CPU = Template|Any CPU
		Template|Mixed Platforms = Template|Mixed Platforms
		Template|Win32 = Template|Win32
		Template|x86 = Template|x86
	EndGlobalSection
	GlobalSection(ProjectConfigurationPlatforms) = postSolution
		{7A1F78AD-332B-4C8C-AB36-0D376E29E1B4}.Debug|Any CPU.ActiveCfg = Debug|Any CPU
		{7A1F78AD-332B-4C8C-AB36-0D376E29E1B4}.Debug|Any CPU.Build.0 = Debug|Any CPU
		{7A1F78AD-332B-4C8C-AB36-0D376E29E1B4}.Debug|Mixed Platforms.ActiveCfg = Debug|Any CPU
		{7A1F78AD-332B-4C8C-AB36-0D376E29E1B4}.Debug|Mixed Platforms.Build.0 = Debug|Any CPU
		{7A1F78AD-332B-4C8C-AB36-0D376E29E1B4}.Debug|Win32.ActiveCfg = Debug|Any CPU
		{7A1F78AD-332B-4C8C-AB36-0D376E29E1B4}.Debug|x86.ActiveCfg = Debug|Any CPU
		{7A1F78AD-332B-4C8C-AB36-0D376E29E1B4}.Release|Any CPU.ActiveCfg = Release|Any CPU
		{7A1F78AD-332B-4C8C-AB36-0D376E29E1B4}.Release|Any CPU.Build.0 = Release|Any CPU
		{7A1F78AD-332B-4C8C-AB36-0D376E29E1B4}.Release|Mixed Platforms.ActiveCfg = Release|Any CPU
		{7A1F78AD-332B-4C8C-AB36-0D376E29E1B4}.Release|Mixed Platforms.Build.0 = Release|Any CPU
		{7A1F78AD-332B-4C8C-AB36-0D376E29E1B4}.Release|Win32.ActiveCfg = Release|Any CPU
		{7A1F78AD-332B-4C8C-AB36-0D376E29E1B4}.Release|x86.ActiveCfg = Release|Any CPU
		{7A1F78AD-332B-4C8C-AB36-0D376E29E1B4}.Template|Any CPU.ActiveCfg = Release|Any CPU
		{7A1F78AD-332B-4C8C-AB36-0D376E29E1B4}.Template|Any CPU.Build.0 = Release|Any CPU
		{7A1F78AD-332B-4C8C-AB36-0D376E29E1B4}.Template|Mixed Platforms.ActiveCfg = Release|Any CPU
		{7A1F78AD-332B-4C8C-AB36-0D376E29E1B4}.Template|Mixed Platforms.Build.0 = Release|Any CPU
		{7A1F78AD-332B-4C8C-AB36-0D376E29E1B4}.Template|Win32.ActiveCfg = Release|Any CPU
		{7A1F78AD-332B-4C8C-AB36-0D376E29E1B4}.Template|x86.ActiveCfg = Release|Any CPU
		{C34FBE7C-2CF7-42F6-BFB6-DC6CF1323049}.Debug|Any CPU.ActiveCfg = Debug|x86
		{C34FBE7C-2CF7-42F6-BFB6-DC6CF1323049}.Debug|Mixed Platforms.ActiveCfg = Debug|x86
		{C34FBE7C-2CF7-42F6-BFB6-DC6CF1323049}.Debug|Mixed Platforms.Build.0 = Debug|x86
		{C34FBE7C-2CF7-42F6-BFB6-DC6CF1323049}.Debug|Win32.ActiveCfg = Debug|x86
		{C34FBE7C-2CF7-42F6-BFB6-DC6CF1323049}.Debug|x86.ActiveCfg = Debug|x86
		{C34FBE7C-2CF7-42F6-BFB6-DC6CF1323049}.Debug|x86.Build.0 = Debug|x86
		{C34FBE7C-2CF7-42F6-BFB6-DC6CF1323049}.Release|Any CPU.ActiveCfg = Release|x86
		{C34FBE7C-2CF7-42F6-BFB6-DC6CF1323049}.Release|Mixed Platforms.ActiveCfg = Release|x86
		{C34FBE7C-2CF7-42F6-BFB6-DC6CF1323049}.Release|Mixed Platforms.Build.0 = Release|x86
		{C34FBE7C-2CF7-42F6-BFB6-DC6CF1323049}.Release|Win32.ActiveCfg = Release|x86
		{C34FBE7C-2CF7-42F6-BFB6-DC6CF1323049}.Release|x86.ActiveCfg = Release|x86
		{C34FBE7C-2CF7-42F6-BFB6-DC6CF1323049}.Release|x86.Build.0 = Release|x86
		{C34FBE7C-2CF7-42F6-BFB6-DC6CF1323049}.Template|Any CPU.ActiveCfg = Release|x86
		{C34FBE7C-2CF7-42F6-BFB6-DC6CF1323049}.Template|Mixed Platforms.ActiveCfg = Release|x86
		{C34FBE7C-2CF7-42F6-BFB6-DC6CF1323049}.Template|Mixed Platforms.Build.0 = Release|x86
		{C34FBE7C-2CF7-42F6-BFB6-DC6CF1323049}.Template|Win32.ActiveCfg = Release|x86
		{C34FBE7C-2CF7-42F6-BFB6-DC6CF1323049}.Template|x86.ActiveCfg = Release|x86
		{C34FBE7C-2CF7-42F6-BFB6-DC6CF1323049}.Template|x86.Build.0 = Release|x86
	EndGlobalSection
	GlobalSection(SolutionProperties) = preSolution
		HideSolutionNode = FALSE
	EndGlobalSection
EndGlobal
